
Microsoft Visual Studio Solution File, Format Version 11.00
# Visual Studio 2010
Project("{FAE04EC0-301F-11D3-BF4B-00C04F79EFBC}") = "1.XTrader", "FutsTrader\1.XTrader.csproj", "{82D27121-1CE0-4494-8675-7C6F831B251E}"
EndProject
Project("{FAE04EC0-301F-11D3-BF4B-00C04F79EFBC}") = "TradingLib.TraderCore", "TradingLib.TraderCore\TradingLib.TraderCore.csproj", "{4F336ECB-8144-41BA-8B82-258AC7FC4A60}"
EndProject
Project("{FAE04EC0-301F-11D3-BF4B-00C04F79EFBC}") = "TradingLib.TraderControl", "TradingLib.TraderControl\TradingLib.TraderControl.csproj", "{C87A245F-E926-4027-96BC-A6BFC40AA8E6}"
EndProject
Project("{FAE04EC0-301F-11D3-BF4B-00C04F79EFBC}") = "XTraderPro", "XTraderPro\XTraderPro.csproj", "{A283FAED-AE8C-447C-BE29-57ABBADF1203}"
EndProject
Project("{FAE04EC0-301F-11D3-BF4B-00C04F79EFBC}") = "StockTrader", "StockTrader\StockTrader.csproj", "{22EA529D-81F8-43E3-B736-0103DAA7BDB1}"
EndProject
Project("{FAE04EC0-301F-11D3-BF4B-00C04F79EFBC}") = "TradingLib.KryptonControl", "TradingLib.KryptonControl\TradingLib.KryptonControl.csproj", "{F02819E0-B738-4531-9C6D-29DBAE3049F4}"
EndProject
Project("{FAE04EC0-301F-11D3-BF4B-00C04F79EFBC}") = "BOTrader", "BOTrader\BOTrader.csproj", "{EF7B9348-F6E1-4D7A-9227-ADBCC22B14B2}"
EndProject
Project("{FAE04EC0-301F-11D3-BF4B-00C04F79EFBC}") = "TradingLib.Chart", "TradingLib.Chart\TradingLib.Chart.csproj", "{4CA0F11D-DC8B-4A43-9FF3-BF22E265C1AF}"
EndProject
Project("{2150E333-8FDC-42A3-9474-1A3956D46DE8}") = "Chart", "Chart", "{DD1367CE-1675-44A7-9D42-BFD032CA7397}"
EndProject
Project("{FAE04EC0-301F-11D3-BF4B-00C04F79EFBC}") = "WindowsDemo", "EasyChart.StockDemo\WindowsDemo.csproj", "{228D6767-F013-482C-AB9C-A951DC7F8A04}"
EndProject
Project("{FAE04EC0-301F-11D3-BF4B-00C04F79EFBC}") = "TradingLib.DataProvider", "TradingLib.DataProvider\TradingLib.DataProvider.csproj", "{4EFE4D39-1036-473D-B228-18FEAA882F41}"
EndProject
Project("{FAE04EC0-301F-11D3-BF4B-00C04F79EFBC}") = "ChartDemo", "ChartDemo\ChartDemo.csproj", "{D87A2BCF-C9EA-4F95-81EB-CE17C15D16E3}"
EndProject
Global
	GlobalSection(SolutionConfigurationPlatforms) = preSolution
		Debug|Any CPU = Debug|Any CPU
		Debug|Mixed Platforms = Debug|Mixed Platforms
		Debug|x86 = Debug|x86
		Debug-OEM|Any CPU = Debug-OEM|Any CPU
		Debug-OEM|Mixed Platforms = Debug-OEM|Mixed Platforms
		Debug-OEM|x86 = Debug-OEM|x86
		Release|Any CPU = Release|Any CPU
		Release|Mixed Platforms = Release|Mixed Platforms
		Release|x86 = Release|x86
		ReleaseMono|Any CPU = ReleaseMono|Any CPU
		ReleaseMono|Mixed Platforms = ReleaseMono|Mixed Platforms
		ReleaseMono|x86 = ReleaseMono|x86
	EndGlobalSection
	GlobalSection(ProjectConfigurationPlatforms) = postSolution
		{82D27121-1CE0-4494-8675-7C6F831B251E}.Debug|Any CPU.ActiveCfg = Debug|x86
		{82D27121-1CE0-4494-8675-7C6F831B251E}.Debug|Mixed Platforms.ActiveCfg = Debug|x86
		{82D27121-1CE0-4494-8675-7C6F831B251E}.Debug|Mixed Platforms.Build.0 = Debug|x86
		{82D27121-1CE0-4494-8675-7C6F831B251E}.Debug|x86.ActiveCfg = Debug|x86
		{82D27121-1CE0-4494-8675-7C6F831B251E}.Debug|x86.Build.0 = Debug|x86
		{82D27121-1CE0-4494-8675-7C6F831B251E}.Debug-OEM|Any CPU.ActiveCfg = Debug|x86
		{82D27121-1CE0-4494-8675-7C6F831B251E}.Debug-OEM|Mixed Platforms.ActiveCfg = Debug|x86
		{82D27121-1CE0-4494-8675-7C6F831B251E}.Debug-OEM|Mixed Platforms.Build.0 = Debug|x86
		{82D27121-1CE0-4494-8675-7C6F831B251E}.Debug-OEM|x86.ActiveCfg = Debug|x86
		{82D27121-1CE0-4494-8675-7C6F831B251E}.Debug-OEM|x86.Build.0 = Debug|x86
		{82D27121-1CE0-4494-8675-7C6F831B251E}.Release|Any CPU.ActiveCfg = Release|x86
		{82D27121-1CE0-4494-8675-7C6F831B251E}.Release|Mixed Platforms.ActiveCfg = Release|x86
		{82D27121-1CE0-4494-8675-7C6F831B251E}.Release|Mixed Platforms.Build.0 = Release|x86
		{82D27121-1CE0-4494-8675-7C6F831B251E}.Release|x86.ActiveCfg = Release|x86
		{82D27121-1CE0-4494-8675-7C6F831B251E}.Release|x86.Build.0 = Release|x86
		{82D27121-1CE0-4494-8675-7C6F831B251E}.ReleaseMono|Any CPU.ActiveCfg = Release|x86
		{82D27121-1CE0-4494-8675-7C6F831B251E}.ReleaseMono|Mixed Platforms.ActiveCfg = Release|x86
		{82D27121-1CE0-4494-8675-7C6F831B251E}.ReleaseMono|Mixed Platforms.Build.0 = Release|x86
		{82D27121-1CE0-4494-8675-7C6F831B251E}.ReleaseMono|x86.ActiveCfg = Release|x86
		{82D27121-1CE0-4494-8675-7C6F831B251E}.ReleaseMono|x86.Build.0 = Release|x86
		{4F336ECB-8144-41BA-8B82-258AC7FC4A60}.Debug|Any CPU.ActiveCfg = Debug|Any CPU
		{4F336ECB-8144-41BA-8B82-258AC7FC4A60}.Debug|Any CPU.Build.0 = Debug|Any CPU
		{4F336ECB-8144-41BA-8B82-258AC7FC4A60}.Debug|Mixed Platforms.ActiveCfg = Debug|Any CPU
		{4F336ECB-8144-41BA-8B82-258AC7FC4A60}.Debug|Mixed Platforms.Build.0 = Debug|Any CPU
		{4F336ECB-8144-41BA-8B82-258AC7FC4A60}.Debug|x86.ActiveCfg = Debug|Any CPU
		{4F336ECB-8144-41BA-8B82-258AC7FC4A60}.Debug-OEM|Any CPU.ActiveCfg = Debug|Any CPU
		{4F336ECB-8144-41BA-8B82-258AC7FC4A60}.Debug-OEM|Any CPU.Build.0 = Debug|Any CPU
		{4F336ECB-8144-41BA-8B82-258AC7FC4A60}.Debug-OEM|Mixed Platforms.ActiveCfg = Debug|Any CPU
		{4F336ECB-8144-41BA-8B82-258AC7FC4A60}.Debug-OEM|Mixed Platforms.Build.0 = Debug|Any CPU
		{4F336ECB-8144-41BA-8B82-258AC7FC4A60}.Debug-OEM|x86.ActiveCfg = Debug|Any CPU
		{4F336ECB-8144-41BA-8B82-258AC7FC4A60}.Release|Any CPU.ActiveCfg = Release|Any CPU
		{4F336ECB-8144-41BA-8B82-258AC7FC4A60}.Release|Any CPU.Build.0 = Release|Any CPU
		{4F336ECB-8144-41BA-8B82-258AC7FC4A60}.Release|Mixed Platforms.ActiveCfg = Release|Any CPU
		{4F336ECB-8144-41BA-8B82-258AC7FC4A60}.Release|Mixed Platforms.Build.0 = Release|Any CPU
		{4F336ECB-8144-41BA-8B82-258AC7FC4A60}.Release|x86.ActiveCfg = Release|Any CPU
		{4F336ECB-8144-41BA-8B82-258AC7FC4A60}.ReleaseMono|Any CPU.ActiveCfg = Release|Any CPU
		{4F336ECB-8144-41BA-8B82-258AC7FC4A60}.ReleaseMono|Any CPU.Build.0 = Release|Any CPU
		{4F336ECB-8144-41BA-8B82-258AC7FC4A60}.ReleaseMono|Mixed Platforms.ActiveCfg = Release|Any CPU
		{4F336ECB-8144-41BA-8B82-258AC7FC4A60}.ReleaseMono|Mixed Platforms.Build.0 = Release|Any CPU
		{4F336ECB-8144-41BA-8B82-258AC7FC4A60}.ReleaseMono|x86.ActiveCfg = Release|Any CPU
		{C87A245F-E926-4027-96BC-A6BFC40AA8E6}.Debug|Any CPU.ActiveCfg = Debug|Any CPU
		{C87A245F-E926-4027-96BC-A6BFC40AA8E6}.Debug|Any CPU.Build.0 = Debug|Any CPU
		{C87A245F-E926-4027-96BC-A6BFC40AA8E6}.Debug|Mixed Platforms.ActiveCfg = Debug|Any CPU
		{C87A245F-E926-4027-96BC-A6BFC40AA8E6}.Debug|Mixed Platforms.Build.0 = Debug|Any CPU
		{C87A245F-E926-4027-96BC-A6BFC40AA8E6}.Debug|x86.ActiveCfg = Debug|Any CPU
		{C87A245F-E926-4027-96BC-A6BFC40AA8E6}.Debug-OEM|Any CPU.ActiveCfg = Debug|Any CPU
		{C87A245F-E926-4027-96BC-A6BFC40AA8E6}.Debug-OEM|Any CPU.Build.0 = Debug|Any CPU
		{C87A245F-E926-4027-96BC-A6BFC40AA8E6}.Debug-OEM|Mixed Platforms.ActiveCfg = Debug|Any CPU
		{C87A245F-E926-4027-96BC-A6BFC40AA8E6}.Debug-OEM|Mixed Platforms.Build.0 = Debug|Any CPU
		{C87A245F-E926-4027-96BC-A6BFC40AA8E6}.Debug-OEM|x86.ActiveCfg = Debug|Any CPU
		{C87A245F-E926-4027-96BC-A6BFC40AA8E6}.Release|Any CPU.ActiveCfg = Release|Any CPU
		{C87A245F-E926-4027-96BC-A6BFC40AA8E6}.Release|Any CPU.Build.0 = Release|Any CPU
		{C87A245F-E926-4027-96BC-A6BFC40AA8E6}.Release|Mixed Platforms.ActiveCfg = Release|Any CPU
		{C87A245F-E926-4027-96BC-A6BFC40AA8E6}.Release|Mixed Platforms.Build.0 = Release|Any CPU
		{C87A245F-E926-4027-96BC-A6BFC40AA8E6}.Release|x86.ActiveCfg = Release|Any CPU
		{C87A245F-E926-4027-96BC-A6BFC40AA8E6}.ReleaseMono|Any CPU.ActiveCfg = Release|Any CPU
		{C87A245F-E926-4027-96BC-A6BFC40AA8E6}.ReleaseMono|Any CPU.Build.0 = Release|Any CPU
		{C87A245F-E926-4027-96BC-A6BFC40AA8E6}.ReleaseMono|Mixed Platforms.ActiveCfg = Release|Any CPU
		{C87A245F-E926-4027-96BC-A6BFC40AA8E6}.ReleaseMono|Mixed Platforms.Build.0 = Release|Any CPU
		{C87A245F-E926-4027-96BC-A6BFC40AA8E6}.ReleaseMono|x86.ActiveCfg = Release|Any CPU
		{A283FAED-AE8C-447C-BE29-57ABBADF1203}.Debug|Any CPU.ActiveCfg = Debug|x86
		{A283FAED-AE8C-447C-BE29-57ABBADF1203}.Debug|Mixed Platforms.ActiveCfg = Debug|x86
		{A283FAED-AE8C-447C-BE29-57ABBADF1203}.Debug|Mixed Platforms.Build.0 = Debug|x86
		{A283FAED-AE8C-447C-BE29-57ABBADF1203}.Debug|x86.ActiveCfg = Debug|x86
		{A283FAED-AE8C-447C-BE29-57ABBADF1203}.Debug|x86.Build.0 = Debug|x86
		{A283FAED-AE8C-447C-BE29-57ABBADF1203}.Debug-OEM|Any CPU.ActiveCfg = Debug|x86
		{A283FAED-AE8C-447C-BE29-57ABBADF1203}.Debug-OEM|Mixed Platforms.ActiveCfg = Debug|x86
		{A283FAED-AE8C-447C-BE29-57ABBADF1203}.Debug-OEM|Mixed Platforms.Build.0 = Debug|x86
		{A283FAED-AE8C-447C-BE29-57ABBADF1203}.Debug-OEM|x86.ActiveCfg = Debug|x86
		{A283FAED-AE8C-447C-BE29-57ABBADF1203}.Debug-OEM|x86.Build.0 = Debug|x86
		{A283FAED-AE8C-447C-BE29-57ABBADF1203}.Release|Any CPU.ActiveCfg = Release|x86
		{A283FAED-AE8C-447C-BE29-57ABBADF1203}.Release|Mixed Platforms.ActiveCfg = Release|x86
		{A283FAED-AE8C-447C-BE29-57ABBADF1203}.Release|Mixed Platforms.Build.0 = Release|x86
		{A283FAED-AE8C-447C-BE29-57ABBADF1203}.Release|x86.ActiveCfg = Release|x86
		{A283FAED-AE8C-447C-BE29-57ABBADF1203}.Release|x86.Build.0 = Release|x86
		{A283FAED-AE8C-447C-BE29-57ABBADF1203}.ReleaseMono|Any CPU.ActiveCfg = Release|x86
		{A283FAED-AE8C-447C-BE29-57ABBADF1203}.ReleaseMono|Mixed Platforms.ActiveCfg = Release|x86
		{A283FAED-AE8C-447C-BE29-57ABBADF1203}.ReleaseMono|Mixed Platforms.Build.0 = Release|x86
		{A283FAED-AE8C-447C-BE29-57ABBADF1203}.ReleaseMono|x86.ActiveCfg = Release|x86
		{A283FAED-AE8C-447C-BE29-57ABBADF1203}.ReleaseMono|x86.Build.0 = Release|x86
		{22EA529D-81F8-43E3-B736-0103DAA7BDB1}.Debug|Any CPU.ActiveCfg = Debug|x86
		{22EA529D-81F8-43E3-B736-0103DAA7BDB1}.Debug|Mixed Platforms.ActiveCfg = Debug|x86
		{22EA529D-81F8-43E3-B736-0103DAA7BDB1}.Debug|Mixed Platforms.Build.0 = Debug|x86
		{22EA529D-81F8-43E3-B736-0103DAA7BDB1}.Debug|x86.ActiveCfg = Debug|x86
		{22EA529D-81F8-43E3-B736-0103DAA7BDB1}.Debug|x86.Build.0 = Debug|x86
		{22EA529D-81F8-43E3-B736-0103DAA7BDB1}.Debug-OEM|Any CPU.ActiveCfg = Debug|x86
		{22EA529D-81F8-43E3-B736-0103DAA7BDB1}.Debug-OEM|Mixed Platforms.ActiveCfg = Debug|x86
		{22EA529D-81F8-43E3-B736-0103DAA7BDB1}.Debug-OEM|Mixed Platforms.Build.0 = Debug|x86
		{22EA529D-81F8-43E3-B736-0103DAA7BDB1}.Debug-OEM|x86.ActiveCfg = Debug|x86
		{22EA529D-81F8-43E3-B736-0103DAA7BDB1}.Debug-OEM|x86.Build.0 = Debug|x86
		{22EA529D-81F8-43E3-B736-0103DAA7BDB1}.Release|Any CPU.ActiveCfg = Release|x86
		{22EA529D-81F8-43E3-B736-0103DAA7BDB1}.Release|Mixed Platforms.ActiveCfg = Release|x86
		{22EA529D-81F8-43E3-B736-0103DAA7BDB1}.Release|Mixed Platforms.Build.0 = Release|x86
		{22EA529D-81F8-43E3-B736-0103DAA7BDB1}.Release|x86.ActiveCfg = Release|x86
		{22EA529D-81F8-43E3-B736-0103DAA7BDB1}.Release|x86.Build.0 = Release|x86
		{22EA529D-81F8-43E3-B736-0103DAA7BDB1}.ReleaseMono|Any CPU.ActiveCfg = Release|x86
		{22EA529D-81F8-43E3-B736-0103DAA7BDB1}.ReleaseMono|Mixed Platforms.ActiveCfg = Release|x86
		{22EA529D-81F8-43E3-B736-0103DAA7BDB1}.ReleaseMono|Mixed Platforms.Build.0 = Release|x86
		{22EA529D-81F8-43E3-B736-0103DAA7BDB1}.ReleaseMono|x86.ActiveCfg = Release|x86
		{22EA529D-81F8-43E3-B736-0103DAA7BDB1}.ReleaseMono|x86.Build.0 = Release|x86
		{F02819E0-B738-4531-9C6D-29DBAE3049F4}.Debug|Any CPU.ActiveCfg = Debug|Any CPU
		{F02819E0-B738-4531-9C6D-29DBAE3049F4}.Debug|Any CPU.Build.0 = Debug|Any CPU
		{F02819E0-B738-4531-9C6D-29DBAE3049F4}.Debug|Mixed Platforms.ActiveCfg = Debug|Any CPU
		{F02819E0-B738-4531-9C6D-29DBAE3049F4}.Debug|Mixed Platforms.Build.0 = Debug|Any CPU
		{F02819E0-B738-4531-9C6D-29DBAE3049F4}.Debug|x86.ActiveCfg = Debug|Any CPU
		{F02819E0-B738-4531-9C6D-29DBAE3049F4}.Debug-OEM|Any CPU.ActiveCfg = Debug|Any CPU
		{F02819E0-B738-4531-9C6D-29DBAE3049F4}.Debug-OEM|Any CPU.Build.0 = Debug|Any CPU
		{F02819E0-B738-4531-9C6D-29DBAE3049F4}.Debug-OEM|Mixed Platforms.ActiveCfg = Debug|Any CPU
		{F02819E0-B738-4531-9C6D-29DBAE3049F4}.Debug-OEM|Mixed Platforms.Build.0 = Debug|Any CPU
		{F02819E0-B738-4531-9C6D-29DBAE3049F4}.Debug-OEM|x86.ActiveCfg = Debug|Any CPU
		{F02819E0-B738-4531-9C6D-29DBAE3049F4}.Release|Any CPU.ActiveCfg = Release|Any CPU
		{F02819E0-B738-4531-9C6D-29DBAE3049F4}.Release|Any CPU.Build.0 = Release|Any CPU
		{F02819E0-B738-4531-9C6D-29DBAE3049F4}.Release|Mixed Platforms.ActiveCfg = Release|Any CPU
		{F02819E0-B738-4531-9C6D-29DBAE3049F4}.Release|Mixed Platforms.Build.0 = Release|Any CPU
		{F02819E0-B738-4531-9C6D-29DBAE3049F4}.Release|x86.ActiveCfg = Release|Any CPU
		{F02819E0-B738-4531-9C6D-29DBAE3049F4}.ReleaseMono|Any CPU.ActiveCfg = Release|Any CPU
		{F02819E0-B738-4531-9C6D-29DBAE3049F4}.ReleaseMono|Any CPU.Build.0 = Release|Any CPU
		{F02819E0-B738-4531-9C6D-29DBAE3049F4}.ReleaseMono|Mixed Platforms.ActiveCfg = Release|Any CPU
		{F02819E0-B738-4531-9C6D-29DBAE3049F4}.ReleaseMono|Mixed Platforms.Build.0 = Release|Any CPU
		{F02819E0-B738-4531-9C6D-29DBAE3049F4}.ReleaseMono|x86.ActiveCfg = Release|Any CPU
		{EF7B9348-F6E1-4D7A-9227-ADBCC22B14B2}.Debug|Any CPU.ActiveCfg = Debug|x86
		{EF7B9348-F6E1-4D7A-9227-ADBCC22B14B2}.Debug|Mixed Platforms.ActiveCfg = Debug|x86
		{EF7B9348-F6E1-4D7A-9227-ADBCC22B14B2}.Debug|Mixed Platforms.Build.0 = Debug|x86
		{EF7B9348-F6E1-4D7A-9227-ADBCC22B14B2}.Debug|x86.ActiveCfg = Debug|x86
		{EF7B9348-F6E1-4D7A-9227-ADBCC22B14B2}.Debug|x86.Build.0 = Debug|x86
		{EF7B9348-F6E1-4D7A-9227-ADBCC22B14B2}.Debug-OEM|Any CPU.ActiveCfg = Debug|x86
		{EF7B9348-F6E1-4D7A-9227-ADBCC22B14B2}.Debug-OEM|Mixed Platforms.ActiveCfg = Debug|x86
		{EF7B9348-F6E1-4D7A-9227-ADBCC22B14B2}.Debug-OEM|Mixed Platforms.Build.0 = Debug|x86
		{EF7B9348-F6E1-4D7A-9227-ADBCC22B14B2}.Debug-OEM|x86.ActiveCfg = Debug|x86
		{EF7B9348-F6E1-4D7A-9227-ADBCC22B14B2}.Debug-OEM|x86.Build.0 = Debug|x86
		{EF7B9348-F6E1-4D7A-9227-ADBCC22B14B2}.Release|Any CPU.ActiveCfg = Release|x86
		{EF7B9348-F6E1-4D7A-9227-ADBCC22B14B2}.Release|Mixed Platforms.ActiveCfg = Release|x86
		{EF7B9348-F6E1-4D7A-9227-ADBCC22B14B2}.Release|Mixed Platforms.Build.0 = Release|x86
		{EF7B9348-F6E1-4D7A-9227-ADBCC22B14B2}.Release|x86.ActiveCfg = Release|x86
		{EF7B9348-F6E1-4D7A-9227-ADBCC22B14B2}.Release|x86.Build.0 = Release|x86
		{EF7B9348-F6E1-4D7A-9227-ADBCC22B14B2}.ReleaseMono|Any CPU.ActiveCfg = Release|x86
		{EF7B9348-F6E1-4D7A-9227-ADBCC22B14B2}.ReleaseMono|Mixed Platforms.ActiveCfg = Release|x86
		{EF7B9348-F6E1-4D7A-9227-ADBCC22B14B2}.ReleaseMono|Mixed Platforms.Build.0 = Release|x86
		{EF7B9348-F6E1-4D7A-9227-ADBCC22B14B2}.ReleaseMono|x86.ActiveCfg = Release|x86
		{EF7B9348-F6E1-4D7A-9227-ADBCC22B14B2}.ReleaseMono|x86.Build.0 = Release|x86
		{4CA0F11D-DC8B-4A43-9FF3-BF22E265C1AF}.Debug|Any CPU.ActiveCfg = Debug|Any CPU
		{4CA0F11D-DC8B-4A43-9FF3-BF22E265C1AF}.Debug|Any CPU.Build.0 = Debug|Any CPU
		{4CA0F11D-DC8B-4A43-9FF3-BF22E265C1AF}.Debug|Mixed Platforms.ActiveCfg = Debug|Any CPU
		{4CA0F11D-DC8B-4A43-9FF3-BF22E265C1AF}.Debug|Mixed Platforms.Build.0 = Debug|Any CPU
		{4CA0F11D-DC8B-4A43-9FF3-BF22E265C1AF}.Debug|x86.ActiveCfg = Debug|Any CPU
		{4CA0F11D-DC8B-4A43-9FF3-BF22E265C1AF}.Debug-OEM|Any CPU.ActiveCfg = Debug|Any CPU
		{4CA0F11D-DC8B-4A43-9FF3-BF22E265C1AF}.Debug-OEM|Any CPU.Build.0 = Debug|Any CPU
		{4CA0F11D-DC8B-4A43-9FF3-BF22E265C1AF}.Debug-OEM|Mixed Platforms.ActiveCfg = Debug|Any CPU
		{4CA0F11D-DC8B-4A43-9FF3-BF22E265C1AF}.Debug-OEM|Mixed Platforms.Build.0 = Debug|Any CPU
		{4CA0F11D-DC8B-4A43-9FF3-BF22E265C1AF}.Debug-OEM|x86.ActiveCfg = Debug|Any CPU
		{4CA0F11D-DC8B-4A43-9FF3-BF22E265C1AF}.Release|Any CPU.ActiveCfg = Release|Any CPU
		{4CA0F11D-DC8B-4A43-9FF3-BF22E265C1AF}.Release|Any CPU.Build.0 = Release|Any CPU
		{4CA0F11D-DC8B-4A43-9FF3-BF22E265C1AF}.Release|Mixed Platforms.ActiveCfg = Release|Any CPU
		{4CA0F11D-DC8B-4A43-9FF3-BF22E265C1AF}.Release|Mixed Platforms.Build.0 = Release|Any CPU
		{4CA0F11D-DC8B-4A43-9FF3-BF22E265C1AF}.Release|x86.ActiveCfg = Release|Any CPU
		{4CA0F11D-DC8B-4A43-9FF3-BF22E265C1AF}.ReleaseMono|Any CPU.ActiveCfg = Release|Any CPU
		{4CA0F11D-DC8B-4A43-9FF3-BF22E265C1AF}.ReleaseMono|Any CPU.Build.0 = Release|Any CPU
		{4CA0F11D-DC8B-4A43-9FF3-BF22E265C1AF}.ReleaseMono|Mixed Platforms.ActiveCfg = Release|Any CPU
		{4CA0F11D-DC8B-4A43-9FF3-BF22E265C1AF}.ReleaseMono|Mixed Platforms.Build.0 = Release|Any CPU
		{4CA0F11D-DC8B-4A43-9FF3-BF22E265C1AF}.ReleaseMono|x86.ActiveCfg = Release|Any CPU
		{228D6767-F013-482C-AB9C-A951DC7F8A04}.Debug|Any CPU.ActiveCfg = Debug|Any CPU
		{228D6767-F013-482C-AB9C-A951DC7F8A04}.Debug|Any CPU.Build.0 = Debug|Any CPU
		{228D6767-F013-482C-AB9C-A951DC7F8A04}.Debug|Mixed Platforms.ActiveCfg = Debug|Any CPU
		{228D6767-F013-482C-AB9C-A951DC7F8A04}.Debug|Mixed Platforms.Build.0 = Debug|Any CPU
		{228D6767-F013-482C-AB9C-A951DC7F8A04}.Debug|x86.ActiveCfg = Debug|Any CPU
		{228D6767-F013-482C-AB9C-A951DC7F8A04}.Debug-OEM|Any CPU.ActiveCfg = Debug|Any CPU
		{228D6767-F013-482C-AB9C-A951DC7F8A04}.Debug-OEM|Any CPU.Build.0 = Debug|Any CPU
		{228D6767-F013-482C-AB9C-A951DC7F8A04}.Debug-OEM|Mixed Platforms.ActiveCfg = Debug|Any CPU
		{228D6767-F013-482C-AB9C-A951DC7F8A04}.Debug-OEM|Mixed Platforms.Build.0 = Debug|Any CPU
		{228D6767-F013-482C-AB9C-A951DC7F8A04}.Debug-OEM|x86.ActiveCfg = Debug|Any CPU
		{228D6767-F013-482C-AB9C-A951DC7F8A04}.Release|Any CPU.ActiveCfg = Release|Any CPU
		{228D6767-F013-482C-AB9C-A951DC7F8A04}.Release|Any CPU.Build.0 = Release|Any CPU
		{228D6767-F013-482C-AB9C-A951DC7F8A04}.Release|Mixed Platforms.ActiveCfg = Release|Any CPU
		{228D6767-F013-482C-AB9C-A951DC7F8A04}.Release|Mixed Platforms.Build.0 = Release|Any CPU
		{228D6767-F013-482C-AB9C-A951DC7F8A04}.Release|x86.ActiveCfg = Release|Any CPU
		{228D6767-F013-482C-AB9C-A951DC7F8A04}.ReleaseMono|Any CPU.ActiveCfg = Release|Any CPU
		{228D6767-F013-482C-AB9C-A951DC7F8A04}.ReleaseMono|Any CPU.Build.0 = Release|Any CPU
		{228D6767-F013-482C-AB9C-A951DC7F8A04}.ReleaseMono|Mixed Platforms.ActiveCfg = Release|Any CPU
		{228D6767-F013-482C-AB9C-A951DC7F8A04}.ReleaseMono|Mixed Platforms.Build.0 = Release|Any CPU
		{228D6767-F013-482C-AB9C-A951DC7F8A04}.ReleaseMono|x86.ActiveCfg = Release|Any CPU
		{4EFE4D39-1036-473D-B228-18FEAA882F41}.Debug|Any CPU.ActiveCfg = Debug|Any CPU
		{4EFE4D39-1036-473D-B228-18FEAA882F41}.Debug|Any CPU.Build.0 = Debug|Any CPU
		{4EFE4D39-1036-473D-B228-18FEAA882F41}.Debug|Mixed Platforms.ActiveCfg = Debug|Any CPU
		{4EFE4D39-1036-473D-B228-18FEAA882F41}.Debug|Mixed Platforms.Build.0 = Debug|Any CPU
		{4EFE4D39-1036-473D-B228-18FEAA882F41}.Debug|x86.ActiveCfg = Debug|Any CPU
		{4EFE4D39-1036-473D-B228-18FEAA882F41}.Debug-OEM|Any CPU.ActiveCfg = Debug|Any CPU
		{4EFE4D39-1036-473D-B228-18FEAA882F41}.Debug-OEM|Any CPU.Build.0 = Debug|Any CPU
		{4EFE4D39-1036-473D-B228-18FEAA882F41}.Debug-OEM|Mixed Platforms.ActiveCfg = Debug|Any CPU
		{4EFE4D39-1036-473D-B228-18FEAA882F41}.Debug-OEM|Mixed Platforms.Build.0 = Debug|Any CPU
		{4EFE4D39-1036-473D-B228-18FEAA882F41}.Debug-OEM|x86.ActiveCfg = Debug|Any CPU
		{4EFE4D39-1036-473D-B228-18FEAA882F41}.Release|Any CPU.ActiveCfg = Release|Any CPU
		{4EFE4D39-1036-473D-B228-18FEAA882F41}.Release|Any CPU.Build.0 = Release|Any CPU
		{4EFE4D39-1036-473D-B228-18FEAA882F41}.Release|Mixed Platforms.ActiveCfg = Release|Any CPU
		{4EFE4D39-1036-473D-B228-18FEAA882F41}.Release|Mixed Platforms.Build.0 = Release|Any CPU
		{4EFE4D39-1036-473D-B228-18FEAA882F41}.Release|x86.ActiveCfg = Release|Any CPU
		{4EFE4D39-1036-473D-B228-18FEAA882F41}.ReleaseMono|Any CPU.ActiveCfg = Release|Any CPU
		{4EFE4D39-1036-473D-B228-18FEAA882F41}.ReleaseMono|Any CPU.Build.0 = Release|Any CPU
		{4EFE4D39-1036-473D-B228-18FEAA882F41}.ReleaseMono|Mixed Platforms.ActiveCfg = Release|Any CPU
		{4EFE4D39-1036-473D-B228-18FEAA882F41}.ReleaseMono|Mixed Platforms.Build.0 = Release|Any CPU
		{4EFE4D39-1036-473D-B228-18FEAA882F41}.ReleaseMono|x86.ActiveCfg = Release|Any CPU
		{D87A2BCF-C9EA-4F95-81EB-CE17C15D16E3}.Debug|Any CPU.ActiveCfg = Debug|x86
		{D87A2BCF-C9EA-4F95-81EB-CE17C15D16E3}.Debug|Mixed Platforms.ActiveCfg = Debug|x86
		{D87A2BCF-C9EA-4F95-81EB-CE17C15D16E3}.Debug|Mixed Platforms.Build.0 = Debug|x86
		{D87A2BCF-C9EA-4F95-81EB-CE17C15D16E3}.Debug|x86.ActiveCfg = Debug|x86
		{D87A2BCF-C9EA-4F95-81EB-CE17C15D16E3}.Debug|x86.Build.0 = Debug|x86
		{D87A2BCF-C9EA-4F95-81EB-CE17C15D16E3}.Debug-OEM|Any CPU.ActiveCfg = Debug|x86
		{D87A2BCF-C9EA-4F95-81EB-CE17C15D16E3}.Debug-OEM|Mixed Platforms.ActiveCfg = Debug|x86
		{D87A2BCF-C9EA-4F95-81EB-CE17C15D16E3}.Debug-OEM|Mixed Platforms.Build.0 = Debug|x86
		{D87A2BCF-C9EA-4F95-81EB-CE17C15D16E3}.Debug-OEM|x86.ActiveCfg = Debug|x86
		{D87A2BCF-C9EA-4F95-81EB-CE17C15D16E3}.Debug-OEM|x86.Build.0 = Debug|x86
		{D87A2BCF-C9EA-4F95-81EB-CE17C15D16E3}.Release|Any CPU.ActiveCfg = Release|x86
		{D87A2BCF-C9EA-4F95-81EB-CE17C15D16E3}.Release|Mixed Platforms.ActiveCfg = Release|x86
		{D87A2BCF-C9EA-4F95-81EB-CE17C15D16E3}.Release|Mixed Platforms.Build.0 = Release|x86
		{D87A2BCF-C9EA-4F95-81EB-CE17C15D16E3}.Release|x86.ActiveCfg = Release|x86
		{D87A2BCF-C9EA-4F95-81EB-CE17C15D16E3}.Release|x86.Build.0 = Release|x86
		{D87A2BCF-C9EA-4F95-81EB-CE17C15D16E3}.ReleaseMono|Any CPU.ActiveCfg = Release|x86
		{D87A2BCF-C9EA-4F95-81EB-CE17C15D16E3}.ReleaseMono|Mixed Platforms.ActiveCfg = Release|x86
		{D87A2BCF-C9EA-4F95-81EB-CE17C15D16E3}.ReleaseMono|Mixed Platforms.Build.0 = Release|x86
		{D87A2BCF-C9EA-4F95-81EB-CE17C15D16E3}.ReleaseMono|x86.ActiveCfg = Release|x86
		{D87A2BCF-C9EA-4F95-81EB-CE17C15D16E3}.ReleaseMono|x86.Build.0 = Release|x86
	EndGlobalSection
	GlobalSection(SolutionProperties) = preSolution
		HideSolutionNode = FALSE
	EndGlobalSection
	GlobalSection(NestedProjects) = preSolution
		{4CA0F11D-DC8B-4A43-9FF3-BF22E265C1AF} = {DD1367CE-1675-44A7-9D42-BFD032CA7397}
		{228D6767-F013-482C-AB9C-A951DC7F8A04} = {DD1367CE-1675-44A7-9D42-BFD032CA7397}
		{4EFE4D39-1036-473D-B228-18FEAA882F41} = {DD1367CE-1675-44A7-9D42-BFD032CA7397}
		{D87A2BCF-C9EA-4F95-81EB-CE17C15D16E3} = {DD1367CE-1675-44A7-9D42-BFD032CA7397}
	EndGlobalSection
EndGlobal
