
Microsoft Visual Studio Solution File, Format Version 11.00
# Visual Studio 2010
Project("{FAE04EC0-301F-11D3-BF4B-00C04F79EFBC}") = "1.XTrader", "FutsTrader\1.XTrader.csproj", "{82D27121-1CE0-4494-8675-7C6F831B251E}"
EndProject
Project("{FAE04EC0-301F-11D3-BF4B-00C04F79EFBC}") = "TradingLib.TraderCore", "TradingLib.TraderCore\TradingLib.TraderCore.csproj", "{4F336ECB-8144-41BA-8B82-258AC7FC4A60}"
EndProject
Project("{FAE04EC0-301F-11D3-BF4B-00C04F79EFBC}") = "TradingLib.TraderControl", "TradingLib.TraderControl\TradingLib.TraderControl.csproj", "{C87A245F-E926-4027-96BC-A6BFC40AA8E6}"
EndProject
Project("{FAE04EC0-301F-11D3-BF4B-00C04F79EFBC}") = "XTraderPro", "XTraderPro\XTraderPro.csproj", "{A283FAED-AE8C-447C-BE29-57ABBADF1203}"
EndProject
Project("{FAE04EC0-301F-11D3-BF4B-00C04F79EFBC}") = "WindowsFormsApplication1", "WindowsFormsApplication1\WindowsFormsApplication1.csproj", "{AAD7F2E7-AC0D-4CD3-813B-48470796DC04}"
EndProject
Project("{FAE04EC0-301F-11D3-BF4B-00C04F79EFBC}") = "StockTrader", "StockTrader\StockTrader.csproj", "{22EA529D-81F8-43E3-B736-0103DAA7BDB1}"
EndProject
Project("{FAE04EC0-301F-11D3-BF4B-00C04F79EFBC}") = "TradingLib.KryptonControl", "TradingLib.NevronControl\TradingLib.KryptonControl.csproj", "{F02819E0-B738-4531-9C6D-29DBAE3049F4}"
EndProject
Global
	GlobalSection(SolutionConfigurationPlatforms) = preSolution
		Debug|Any CPU = Debug|Any CPU
		Debug|Mixed Platforms = Debug|Mixed Platforms
		Debug|x86 = Debug|x86
		Debug-OEM|Any CPU = Debug-OEM|Any CPU
		Debug-OEM|Mixed Platforms = Debug-OEM|Mixed Platforms
		Debug-OEM|x86 = Debug-OEM|x86
		Release|Any CPU = Release|Any CPU
		Release|Mixed Platforms = Release|Mixed Platforms
		Release|x86 = Release|x86
		ReleaseMono|Any CPU = ReleaseMono|Any CPU
		ReleaseMono|Mixed Platforms = ReleaseMono|Mixed Platforms
		ReleaseMono|x86 = ReleaseMono|x86
	EndGlobalSection
	GlobalSection(ProjectConfigurationPlatforms) = postSolution
		{82D27121-1CE0-4494-8675-7C6F831B251E}.Debug|Any CPU.ActiveCfg = Debug|x86
		{82D27121-1CE0-4494-8675-7C6F831B251E}.Debug|Mixed Platforms.ActiveCfg = Debug|x86
		{82D27121-1CE0-4494-8675-7C6F831B251E}.Debug|Mixed Platforms.Build.0 = Debug|x86
		{82D27121-1CE0-4494-8675-7C6F831B251E}.Debug|x86.ActiveCfg = Debug|x86
		{82D27121-1CE0-4494-8675-7C6F831B251E}.Debug|x86.Build.0 = Debug|x86
		{82D27121-1CE0-4494-8675-7C6F831B251E}.Debug-OEM|Any CPU.ActiveCfg = Debug|x86
		{82D27121-1CE0-4494-8675-7C6F831B251E}.Debug-OEM|Mixed Platforms.ActiveCfg = Debug|x86
		{82D27121-1CE0-4494-8675-7C6F831B251E}.Debug-OEM|Mixed Platforms.Build.0 = Debug|x86
		{82D27121-1CE0-4494-8675-7C6F831B251E}.Debug-OEM|x86.ActiveCfg = Debug|x86
		{82D27121-1CE0-4494-8675-7C6F831B251E}.Debug-OEM|x86.Build.0 = Debug|x86
		{82D27121-1CE0-4494-8675-7C6F831B251E}.Release|Any CPU.ActiveCfg = Release|x86
		{82D27121-1CE0-4494-8675-7C6F831B251E}.Release|Mixed Platforms.ActiveCfg = Release|x86
		{82D27121-1CE0-4494-8675-7C6F831B251E}.Release|Mixed Platforms.Build.0 = Release|x86
		{82D27121-1CE0-4494-8675-7C6F831B251E}.Release|x86.ActiveCfg = Release|x86
		{82D27121-1CE0-4494-8675-7C6F831B251E}.Release|x86.Build.0 = Release|x86
		{82D27121-1CE0-4494-8675-7C6F831B251E}.ReleaseMono|Any CPU.ActiveCfg = Release|x86
		{82D27121-1CE0-4494-8675-7C6F831B251E}.ReleaseMono|Mixed Platforms.ActiveCfg = Release|x86
		{82D27121-1CE0-4494-8675-7C6F831B251E}.ReleaseMono|Mixed Platforms.Build.0 = Release|x86
		{82D27121-1CE0-4494-8675-7C6F831B251E}.ReleaseMono|x86.ActiveCfg = Release|x86
		{82D27121-1CE0-4494-8675-7C6F831B251E}.ReleaseMono|x86.Build.0 = Release|x86
		{4F336ECB-8144-41BA-8B82-258AC7FC4A60}.Debug|Any CPU.ActiveCfg = Debug|Any CPU
		{4F336ECB-8144-41BA-8B82-258AC7FC4A60}.Debug|Any CPU.Build.0 = Debug|Any CPU
		{4F336ECB-8144-41BA-8B82-258AC7FC4A60}.Debug|Mixed Platforms.ActiveCfg = Debug|Any CPU
		{4F336ECB-8144-41BA-8B82-258AC7FC4A60}.Debug|Mixed Platforms.Build.0 = Debug|Any CPU
		{4F336ECB-8144-41BA-8B82-258AC7FC4A60}.Debug|x86.ActiveCfg = Debug|Any CPU
		{4F336ECB-8144-41BA-8B82-258AC7FC4A60}.Debug-OEM|Any CPU.ActiveCfg = Debug|Any CPU
		{4F336ECB-8144-41BA-8B82-258AC7FC4A60}.Debug-OEM|Any CPU.Build.0 = Debug|Any CPU
		{4F336ECB-8144-41BA-8B82-258AC7FC4A60}.Debug-OEM|Mixed Platforms.ActiveCfg = Debug|Any CPU
		{4F336ECB-8144-41BA-8B82-258AC7FC4A60}.Debug-OEM|Mixed Platforms.Build.0 = Debug|Any CPU
		{4F336ECB-8144-41BA-8B82-258AC7FC4A60}.Debug-OEM|x86.ActiveCfg = Debug|Any CPU
		{4F336ECB-8144-41BA-8B82-258AC7FC4A60}.Release|Any CPU.ActiveCfg = Release|Any CPU
		{4F336ECB-8144-41BA-8B82-258AC7FC4A60}.Release|Any CPU.Build.0 = Release|Any CPU
		{4F336ECB-8144-41BA-8B82-258AC7FC4A60}.Release|Mixed Platforms.ActiveCfg = Release|Any CPU
		{4F336ECB-8144-41BA-8B82-258AC7FC4A60}.Release|Mixed Platforms.Build.0 = Release|Any CPU
		{4F336ECB-8144-41BA-8B82-258AC7FC4A60}.Release|x86.ActiveCfg = Release|Any CPU
		{4F336ECB-8144-41BA-8B82-258AC7FC4A60}.ReleaseMono|Any CPU.ActiveCfg = Release|Any CPU
		{4F336ECB-8144-41BA-8B82-258AC7FC4A60}.ReleaseMono|Any CPU.Build.0 = Release|Any CPU
		{4F336ECB-8144-41BA-8B82-258AC7FC4A60}.ReleaseMono|Mixed Platforms.ActiveCfg = Release|Any CPU
		{4F336ECB-8144-41BA-8B82-258AC7FC4A60}.ReleaseMono|Mixed Platforms.Build.0 = Release|Any CPU
		{4F336ECB-8144-41BA-8B82-258AC7FC4A60}.ReleaseMono|x86.ActiveCfg = Release|Any CPU
		{C87A245F-E926-4027-96BC-A6BFC40AA8E6}.Debug|Any CPU.ActiveCfg = Debug|Any CPU
		{C87A245F-E926-4027-96BC-A6BFC40AA8E6}.Debug|Any CPU.Build.0 = Debug|Any CPU
		{C87A245F-E926-4027-96BC-A6BFC40AA8E6}.Debug|Mixed Platforms.ActiveCfg = Debug|Any CPU
		{C87A245F-E926-4027-96BC-A6BFC40AA8E6}.Debug|Mixed Platforms.Build.0 = Debug|Any CPU
		{C87A245F-E926-4027-96BC-A6BFC40AA8E6}.Debug|x86.ActiveCfg = Debug|Any CPU
		{C87A245F-E926-4027-96BC-A6BFC40AA8E6}.Debug-OEM|Any CPU.ActiveCfg = Debug|Any CPU
		{C87A245F-E926-4027-96BC-A6BFC40AA8E6}.Debug-OEM|Any CPU.Build.0 = Debug|Any CPU
		{C87A245F-E926-4027-96BC-A6BFC40AA8E6}.Debug-OEM|Mixed Platforms.ActiveCfg = Debug|Any CPU
		{C87A245F-E926-4027-96BC-A6BFC40AA8E6}.Debug-OEM|Mixed Platforms.Build.0 = Debug|Any CPU
		{C87A245F-E926-4027-96BC-A6BFC40AA8E6}.Debug-OEM|x86.ActiveCfg = Debug|Any CPU
		{C87A245F-E926-4027-96BC-A6BFC40AA8E6}.Release|Any CPU.ActiveCfg = Release|Any CPU
		{C87A245F-E926-4027-96BC-A6BFC40AA8E6}.Release|Any CPU.Build.0 = Release|Any CPU
		{C87A245F-E926-4027-96BC-A6BFC40AA8E6}.Release|Mixed Platforms.ActiveCfg = Release|Any CPU
		{C87A245F-E926-4027-96BC-A6BFC40AA8E6}.Release|Mixed Platforms.Build.0 = Release|Any CPU
		{C87A245F-E926-4027-96BC-A6BFC40AA8E6}.Release|x86.ActiveCfg = Release|Any CPU
		{C87A245F-E926-4027-96BC-A6BFC40AA8E6}.ReleaseMono|Any CPU.ActiveCfg = Release|Any CPU
		{C87A245F-E926-4027-96BC-A6BFC40AA8E6}.ReleaseMono|Any CPU.Build.0 = Release|Any CPU
		{C87A245F-E926-4027-96BC-A6BFC40AA8E6}.ReleaseMono|Mixed Platforms.ActiveCfg = Release|Any CPU
		{C87A245F-E926-4027-96BC-A6BFC40AA8E6}.ReleaseMono|Mixed Platforms.Build.0 = Release|Any CPU
		{C87A245F-E926-4027-96BC-A6BFC40AA8E6}.ReleaseMono|x86.ActiveCfg = Release|Any CPU
		{A283FAED-AE8C-447C-BE29-57ABBADF1203}.Debug|Any CPU.ActiveCfg = Debug|x86
		{A283FAED-AE8C-447C-BE29-57ABBADF1203}.Debug|Mixed Platforms.ActiveCfg = Debug|x86
		{A283FAED-AE8C-447C-BE29-57ABBADF1203}.Debug|Mixed Platforms.Build.0 = Debug|x86
		{A283FAED-AE8C-447C-BE29-57ABBADF1203}.Debug|x86.ActiveCfg = Debug|x86
		{A283FAED-AE8C-447C-BE29-57ABBADF1203}.Debug|x86.Build.0 = Debug|x86
		{A283FAED-AE8C-447C-BE29-57ABBADF1203}.Debug-OEM|Any CPU.ActiveCfg = Debug|x86
		{A283FAED-AE8C-447C-BE29-57ABBADF1203}.Debug-OEM|Mixed Platforms.ActiveCfg = Debug|x86
		{A283FAED-AE8C-447C-BE29-57ABBADF1203}.Debug-OEM|Mixed Platforms.Build.0 = Debug|x86
		{A283FAED-AE8C-447C-BE29-57ABBADF1203}.Debug-OEM|x86.ActiveCfg = Debug|x86
		{A283FAED-AE8C-447C-BE29-57ABBADF1203}.Debug-OEM|x86.Build.0 = Debug|x86
		{A283FAED-AE8C-447C-BE29-57ABBADF1203}.Release|Any CPU.ActiveCfg = Release|x86
		{A283FAED-AE8C-447C-BE29-57ABBADF1203}.Release|Mixed Platforms.ActiveCfg = Release|x86
		{A283FAED-AE8C-447C-BE29-57ABBADF1203}.Release|Mixed Platforms.Build.0 = Release|x86
		{A283FAED-AE8C-447C-BE29-57ABBADF1203}.Release|x86.ActiveCfg = Release|x86
		{A283FAED-AE8C-447C-BE29-57ABBADF1203}.Release|x86.Build.0 = Release|x86
		{A283FAED-AE8C-447C-BE29-57ABBADF1203}.ReleaseMono|Any CPU.ActiveCfg = Release|x86
		{A283FAED-AE8C-447C-BE29-57ABBADF1203}.ReleaseMono|Mixed Platforms.ActiveCfg = Release|x86
		{A283FAED-AE8C-447C-BE29-57ABBADF1203}.ReleaseMono|Mixed Platforms.Build.0 = Release|x86
		{A283FAED-AE8C-447C-BE29-57ABBADF1203}.ReleaseMono|x86.ActiveCfg = Release|x86
		{A283FAED-AE8C-447C-BE29-57ABBADF1203}.ReleaseMono|x86.Build.0 = Release|x86
		{AAD7F2E7-AC0D-4CD3-813B-48470796DC04}.Debug|Any CPU.ActiveCfg = Debug|x86
		{AAD7F2E7-AC0D-4CD3-813B-48470796DC04}.Debug|Mixed Platforms.ActiveCfg = Debug|x86
		{AAD7F2E7-AC0D-4CD3-813B-48470796DC04}.Debug|Mixed Platforms.Build.0 = Debug|x86
		{AAD7F2E7-AC0D-4CD3-813B-48470796DC04}.Debug|x86.ActiveCfg = Debug|x86
		{AAD7F2E7-AC0D-4CD3-813B-48470796DC04}.Debug|x86.Build.0 = Debug|x86
		{AAD7F2E7-AC0D-4CD3-813B-48470796DC04}.Debug-OEM|Any CPU.ActiveCfg = Debug|x86
		{AAD7F2E7-AC0D-4CD3-813B-48470796DC04}.Debug-OEM|Mixed Platforms.ActiveCfg = Debug|x86
		{AAD7F2E7-AC0D-4CD3-813B-48470796DC04}.Debug-OEM|Mixed Platforms.Build.0 = Debug|x86
		{AAD7F2E7-AC0D-4CD3-813B-48470796DC04}.Debug-OEM|x86.ActiveCfg = Debug|x86
		{AAD7F2E7-AC0D-4CD3-813B-48470796DC04}.Debug-OEM|x86.Build.0 = Debug|x86
		{AAD7F2E7-AC0D-4CD3-813B-48470796DC04}.Release|Any CPU.ActiveCfg = Release|x86
		{AAD7F2E7-AC0D-4CD3-813B-48470796DC04}.Release|Mixed Platforms.ActiveCfg = Release|x86
		{AAD7F2E7-AC0D-4CD3-813B-48470796DC04}.Release|Mixed Platforms.Build.0 = Release|x86
		{AAD7F2E7-AC0D-4CD3-813B-48470796DC04}.Release|x86.ActiveCfg = Release|x86
		{AAD7F2E7-AC0D-4CD3-813B-48470796DC04}.Release|x86.Build.0 = Release|x86
		{AAD7F2E7-AC0D-4CD3-813B-48470796DC04}.ReleaseMono|Any CPU.ActiveCfg = Release|x86
		{AAD7F2E7-AC0D-4CD3-813B-48470796DC04}.ReleaseMono|Mixed Platforms.ActiveCfg = Release|x86
		{AAD7F2E7-AC0D-4CD3-813B-48470796DC04}.ReleaseMono|Mixed Platforms.Build.0 = Release|x86
		{AAD7F2E7-AC0D-4CD3-813B-48470796DC04}.ReleaseMono|x86.ActiveCfg = Release|x86
		{AAD7F2E7-AC0D-4CD3-813B-48470796DC04}.ReleaseMono|x86.Build.0 = Release|x86
		{22EA529D-81F8-43E3-B736-0103DAA7BDB1}.Debug|Any CPU.ActiveCfg = Debug|x86
		{22EA529D-81F8-43E3-B736-0103DAA7BDB1}.Debug|Mixed Platforms.ActiveCfg = Debug|x86
		{22EA529D-81F8-43E3-B736-0103DAA7BDB1}.Debug|Mixed Platforms.Build.0 = Debug|x86
		{22EA529D-81F8-43E3-B736-0103DAA7BDB1}.Debug|x86.ActiveCfg = Debug|x86
		{22EA529D-81F8-43E3-B736-0103DAA7BDB1}.Debug|x86.Build.0 = Debug|x86
		{22EA529D-81F8-43E3-B736-0103DAA7BDB1}.Debug-OEM|Any CPU.ActiveCfg = Debug|x86
		{22EA529D-81F8-43E3-B736-0103DAA7BDB1}.Debug-OEM|Mixed Platforms.ActiveCfg = Debug|x86
		{22EA529D-81F8-43E3-B736-0103DAA7BDB1}.Debug-OEM|Mixed Platforms.Build.0 = Debug|x86
		{22EA529D-81F8-43E3-B736-0103DAA7BDB1}.Debug-OEM|x86.ActiveCfg = Debug|x86
		{22EA529D-81F8-43E3-B736-0103DAA7BDB1}.Debug-OEM|x86.Build.0 = Debug|x86
		{22EA529D-81F8-43E3-B736-0103DAA7BDB1}.Release|Any CPU.ActiveCfg = Release|x86
		{22EA529D-81F8-43E3-B736-0103DAA7BDB1}.Release|Mixed Platforms.ActiveCfg = Release|x86
		{22EA529D-81F8-43E3-B736-0103DAA7BDB1}.Release|Mixed Platforms.Build.0 = Release|x86
		{22EA529D-81F8-43E3-B736-0103DAA7BDB1}.Release|x86.ActiveCfg = Release|x86
		{22EA529D-81F8-43E3-B736-0103DAA7BDB1}.Release|x86.Build.0 = Release|x86
		{22EA529D-81F8-43E3-B736-0103DAA7BDB1}.ReleaseMono|Any CPU.ActiveCfg = Release|x86
		{22EA529D-81F8-43E3-B736-0103DAA7BDB1}.ReleaseMono|Mixed Platforms.ActiveCfg = Release|x86
		{22EA529D-81F8-43E3-B736-0103DAA7BDB1}.ReleaseMono|Mixed Platforms.Build.0 = Release|x86
		{22EA529D-81F8-43E3-B736-0103DAA7BDB1}.ReleaseMono|x86.ActiveCfg = Release|x86
		{22EA529D-81F8-43E3-B736-0103DAA7BDB1}.ReleaseMono|x86.Build.0 = Release|x86
		{F02819E0-B738-4531-9C6D-29DBAE3049F4}.Debug|Any CPU.ActiveCfg = Debug|Any CPU
		{F02819E0-B738-4531-9C6D-29DBAE3049F4}.Debug|Any CPU.Build.0 = Debug|Any CPU
		{F02819E0-B738-4531-9C6D-29DBAE3049F4}.Debug|Mixed Platforms.ActiveCfg = Debug|Any CPU
		{F02819E0-B738-4531-9C6D-29DBAE3049F4}.Debug|Mixed Platforms.Build.0 = Debug|Any CPU
		{F02819E0-B738-4531-9C6D-29DBAE3049F4}.Debug|x86.ActiveCfg = Debug|Any CPU
		{F02819E0-B738-4531-9C6D-29DBAE3049F4}.Debug-OEM|Any CPU.ActiveCfg = Debug|Any CPU
		{F02819E0-B738-4531-9C6D-29DBAE3049F4}.Debug-OEM|Any CPU.Build.0 = Debug|Any CPU
		{F02819E0-B738-4531-9C6D-29DBAE3049F4}.Debug-OEM|Mixed Platforms.ActiveCfg = Debug|Any CPU
		{F02819E0-B738-4531-9C6D-29DBAE3049F4}.Debug-OEM|Mixed Platforms.Build.0 = Debug|Any CPU
		{F02819E0-B738-4531-9C6D-29DBAE3049F4}.Debug-OEM|x86.ActiveCfg = Debug|Any CPU
		{F02819E0-B738-4531-9C6D-29DBAE3049F4}.Release|Any CPU.ActiveCfg = Release|Any CPU
		{F02819E0-B738-4531-9C6D-29DBAE3049F4}.Release|Any CPU.Build.0 = Release|Any CPU
		{F02819E0-B738-4531-9C6D-29DBAE3049F4}.Release|Mixed Platforms.ActiveCfg = Release|Any CPU
		{F02819E0-B738-4531-9C6D-29DBAE3049F4}.Release|Mixed Platforms.Build.0 = Release|Any CPU
		{F02819E0-B738-4531-9C6D-29DBAE3049F4}.Release|x86.ActiveCfg = Release|Any CPU
		{F02819E0-B738-4531-9C6D-29DBAE3049F4}.ReleaseMono|Any CPU.ActiveCfg = Release|Any CPU
		{F02819E0-B738-4531-9C6D-29DBAE3049F4}.ReleaseMono|Any CPU.Build.0 = Release|Any CPU
		{F02819E0-B738-4531-9C6D-29DBAE3049F4}.ReleaseMono|Mixed Platforms.ActiveCfg = Release|Any CPU
		{F02819E0-B738-4531-9C6D-29DBAE3049F4}.ReleaseMono|Mixed Platforms.Build.0 = Release|Any CPU
		{F02819E0-B738-4531-9C6D-29DBAE3049F4}.ReleaseMono|x86.ActiveCfg = Release|Any CPU
	EndGlobalSection
	GlobalSection(SolutionProperties) = preSolution
		HideSolutionNode = FALSE
	EndGlobalSection
EndGlobal
