
Microsoft Visual Studio Solution File, Format Version 11.00
# Visual Studio 2010
Project("{FAE04EC0-301F-11D3-BF4B-00C04F79EFBC}") = "TradingLib.TraderCore", "TradingLib.TraderCore\TradingLib.TraderCore.csproj", "{4F336ECB-8144-41BA-8B82-258AC7FC4A60}"
EndProject
Project("{2150E333-8FDC-42A3-9474-1A3956D46DE8}") = "Common", "Common", "{DD1367CE-1675-44A7-9D42-BFD032CA7397}"
EndProject
Project("{FAE04EC0-301F-11D3-BF4B-00C04F79EFBC}") = "TradingLib.DataProvider", "TradingLib.DataProvider\TradingLib.DataProvider.csproj", "{4EFE4D39-1036-473D-B228-18FEAA882F41}"
EndProject
Project("{2150E333-8FDC-42A3-9474-1A3956D46DE8}") = "DataFarmManager", "DataFarmManager", "{21EDFF5D-CE73-460F-8E0A-D83FF9240415}"
EndProject
Project("{FAE04EC0-301F-11D3-BF4B-00C04F79EFBC}") = "DataFarmMgr", "DataFarmMgr\DataFarmMgr.csproj", "{BFB2D32C-5618-4889-B681-12D713B82E20}"
EndProject
Project("{2150E333-8FDC-42A3-9474-1A3956D46DE8}") = "Trader", "Trader", "{4BA79AEF-45E2-4B7C-A800-614FDFDA9AF7}"
EndProject
Project("{FAE04EC0-301F-11D3-BF4B-00C04F79EFBC}") = "XTraderLite", "XTraderLite\XTraderLite.csproj", "{83D8D7FB-B5B5-44C4-9682-07010AE15E4C}"
EndProject
Project("{FAE04EC0-301F-11D3-BF4B-00C04F79EFBC}") = "TDXDataAPI", "DataAPI\TDXDataAPI\TDXDataAPI.csproj", "{662DC5B7-32C0-4CF5-BA69-CB704AD5865D}"
EndProject
Project("{FAE04EC0-301F-11D3-BF4B-00C04F79EFBC}") = "TradingLib.MarketData", "TradingLib.MarketData\TradingLib.MarketData.csproj", "{0D69469A-0AF0-4238-BD69-F9ADE1298854}"
EndProject
Project("{2150E333-8FDC-42A3-9474-1A3956D46DE8}") = "DataAPI", "DataAPI", "{6C7C11CF-379F-420F-9E88-5D111A5DD47A}"
EndProject
Project("{2150E333-8FDC-42A3-9474-1A3956D46DE8}") = "TraderAPI", "TraderAPI", "{68B53062-A70D-43FE-886C-F7079F18D4D3}"
EndProject
Project("{FAE04EC0-301F-11D3-BF4B-00C04F79EFBC}") = "TradingLib.XTrader.Future", "TraderAPI\TradingLib.XTrader.Future\TradingLib.XTrader.Future.csproj", "{64E6EAA4-11EE-43E2-B72B-EB803AE1952C}"
EndProject
Project("{FAE04EC0-301F-11D3-BF4B-00C04F79EFBC}") = "TradingLib.XTrader.Stock", "TraderAPI\TradingLib.XTrader.Stock\TradingLib.XTrader.Stock.csproj", "{F02819E0-B738-4531-9C6D-29DBAE3049F4}"
EndProject
Project("{FAE04EC0-301F-11D3-BF4B-00C04F79EFBC}") = "TradingLib.XTrader.Control", "TradingLib.XTrader.Control\TradingLib.XTrader.Control.csproj", "{CAFF302A-2E14-45AA-B6B6-C0FF5A18CB7F}"
EndProject
Project("{FAE04EC0-301F-11D3-BF4B-00C04F79EFBC}") = "FutsDataAPI", "DataAPI\FutsDataAPI\FutsDataAPI.csproj", "{9B9FCB99-7304-4495-A18E-5D24764A8456}"
EndProject
Project("{FAE04EC0-301F-11D3-BF4B-00C04F79EFBC}") = "TradingLib.DataCore", "TradingLib.DataCore\TradingLib.DataCore.csproj", "{F480745A-4808-4282-8339-AF2AA06FBEC9}"
EndProject
Project("{FAE04EC0-301F-11D3-BF4B-00C04F79EFBC}") = "TradingLib.TraderCore2", "TradingLib.TraderCore2\TradingLib.TraderCore2.csproj", "{67979A46-0F1A-4E65-8777-6E9EB512E960}"
EndProject
Project("{2150E333-8FDC-42A3-9474-1A3956D46DE8}") = "0.old", "0.old", "{2B9078B8-E058-4776-8A13-E802F803959E}"
EndProject
Global
	GlobalSection(SolutionConfigurationPlatforms) = preSolution
		Debug|Any CPU = Debug|Any CPU
		Debug|Mixed Platforms = Debug|Mixed Platforms
		Debug|x86 = Debug|x86
		Debug-OEM|Any CPU = Debug-OEM|Any CPU
		Debug-OEM|Mixed Platforms = Debug-OEM|Mixed Platforms
		Debug-OEM|x86 = Debug-OEM|x86
		Release|Any CPU = Release|Any CPU
		Release|Mixed Platforms = Release|Mixed Platforms
		Release|x86 = Release|x86
		ReleaseMono|Any CPU = ReleaseMono|Any CPU
		ReleaseMono|Mixed Platforms = ReleaseMono|Mixed Platforms
		ReleaseMono|x86 = ReleaseMono|x86
	EndGlobalSection
	GlobalSection(ProjectConfigurationPlatforms) = postSolution
		{4F336ECB-8144-41BA-8B82-258AC7FC4A60}.Debug|Any CPU.ActiveCfg = Debug|Any CPU
		{4F336ECB-8144-41BA-8B82-258AC7FC4A60}.Debug|Any CPU.Build.0 = Debug|Any CPU
		{4F336ECB-8144-41BA-8B82-258AC7FC4A60}.Debug|Mixed Platforms.ActiveCfg = Debug|Any CPU
		{4F336ECB-8144-41BA-8B82-258AC7FC4A60}.Debug|Mixed Platforms.Build.0 = Debug|Any CPU
		{4F336ECB-8144-41BA-8B82-258AC7FC4A60}.Debug|x86.ActiveCfg = Debug|Any CPU
		{4F336ECB-8144-41BA-8B82-258AC7FC4A60}.Debug-OEM|Any CPU.ActiveCfg = Debug|Any CPU
		{4F336ECB-8144-41BA-8B82-258AC7FC4A60}.Debug-OEM|Any CPU.Build.0 = Debug|Any CPU
		{4F336ECB-8144-41BA-8B82-258AC7FC4A60}.Debug-OEM|Mixed Platforms.ActiveCfg = Debug|Any CPU
		{4F336ECB-8144-41BA-8B82-258AC7FC4A60}.Debug-OEM|Mixed Platforms.Build.0 = Debug|Any CPU
		{4F336ECB-8144-41BA-8B82-258AC7FC4A60}.Debug-OEM|x86.ActiveCfg = Debug|Any CPU
		{4F336ECB-8144-41BA-8B82-258AC7FC4A60}.Release|Any CPU.ActiveCfg = Release|Any CPU
		{4F336ECB-8144-41BA-8B82-258AC7FC4A60}.Release|Any CPU.Build.0 = Release|Any CPU
		{4F336ECB-8144-41BA-8B82-258AC7FC4A60}.Release|Mixed Platforms.ActiveCfg = Release|Any CPU
		{4F336ECB-8144-41BA-8B82-258AC7FC4A60}.Release|Mixed Platforms.Build.0 = Release|Any CPU
		{4F336ECB-8144-41BA-8B82-258AC7FC4A60}.Release|x86.ActiveCfg = Release|Any CPU
		{4F336ECB-8144-41BA-8B82-258AC7FC4A60}.ReleaseMono|Any CPU.ActiveCfg = Release|Any CPU
		{4F336ECB-8144-41BA-8B82-258AC7FC4A60}.ReleaseMono|Any CPU.Build.0 = Release|Any CPU
		{4F336ECB-8144-41BA-8B82-258AC7FC4A60}.ReleaseMono|Mixed Platforms.ActiveCfg = Release|Any CPU
		{4F336ECB-8144-41BA-8B82-258AC7FC4A60}.ReleaseMono|Mixed Platforms.Build.0 = Release|Any CPU
		{4F336ECB-8144-41BA-8B82-258AC7FC4A60}.ReleaseMono|x86.ActiveCfg = Release|Any CPU
		{4EFE4D39-1036-473D-B228-18FEAA882F41}.Debug|Any CPU.ActiveCfg = Debug|Any CPU
		{4EFE4D39-1036-473D-B228-18FEAA882F41}.Debug|Any CPU.Build.0 = Debug|Any CPU
		{4EFE4D39-1036-473D-B228-18FEAA882F41}.Debug|Mixed Platforms.ActiveCfg = Debug|Any CPU
		{4EFE4D39-1036-473D-B228-18FEAA882F41}.Debug|Mixed Platforms.Build.0 = Debug|Any CPU
		{4EFE4D39-1036-473D-B228-18FEAA882F41}.Debug|x86.ActiveCfg = Debug|Any CPU
		{4EFE4D39-1036-473D-B228-18FEAA882F41}.Debug-OEM|Any CPU.ActiveCfg = Debug|Any CPU
		{4EFE4D39-1036-473D-B228-18FEAA882F41}.Debug-OEM|Any CPU.Build.0 = Debug|Any CPU
		{4EFE4D39-1036-473D-B228-18FEAA882F41}.Debug-OEM|Mixed Platforms.ActiveCfg = Debug|Any CPU
		{4EFE4D39-1036-473D-B228-18FEAA882F41}.Debug-OEM|Mixed Platforms.Build.0 = Debug|Any CPU
		{4EFE4D39-1036-473D-B228-18FEAA882F41}.Debug-OEM|x86.ActiveCfg = Debug|Any CPU
		{4EFE4D39-1036-473D-B228-18FEAA882F41}.Release|Any CPU.ActiveCfg = Release|Any CPU
		{4EFE4D39-1036-473D-B228-18FEAA882F41}.Release|Any CPU.Build.0 = Release|Any CPU
		{4EFE4D39-1036-473D-B228-18FEAA882F41}.Release|Mixed Platforms.ActiveCfg = Release|Any CPU
		{4EFE4D39-1036-473D-B228-18FEAA882F41}.Release|Mixed Platforms.Build.0 = Release|Any CPU
		{4EFE4D39-1036-473D-B228-18FEAA882F41}.Release|x86.ActiveCfg = Release|Any CPU
		{4EFE4D39-1036-473D-B228-18FEAA882F41}.ReleaseMono|Any CPU.ActiveCfg = Release|Any CPU
		{4EFE4D39-1036-473D-B228-18FEAA882F41}.ReleaseMono|Any CPU.Build.0 = Release|Any CPU
		{4EFE4D39-1036-473D-B228-18FEAA882F41}.ReleaseMono|Mixed Platforms.ActiveCfg = Release|Any CPU
		{4EFE4D39-1036-473D-B228-18FEAA882F41}.ReleaseMono|Mixed Platforms.Build.0 = Release|Any CPU
		{4EFE4D39-1036-473D-B228-18FEAA882F41}.ReleaseMono|x86.ActiveCfg = Release|Any CPU
		{BFB2D32C-5618-4889-B681-12D713B82E20}.Debug|Any CPU.ActiveCfg = Debug|x86
		{BFB2D32C-5618-4889-B681-12D713B82E20}.Debug|Mixed Platforms.ActiveCfg = Debug|x86
		{BFB2D32C-5618-4889-B681-12D713B82E20}.Debug|Mixed Platforms.Build.0 = Debug|x86
		{BFB2D32C-5618-4889-B681-12D713B82E20}.Debug|x86.ActiveCfg = Debug|x86
		{BFB2D32C-5618-4889-B681-12D713B82E20}.Debug|x86.Build.0 = Debug|x86
		{BFB2D32C-5618-4889-B681-12D713B82E20}.Debug-OEM|Any CPU.ActiveCfg = Debug|x86
		{BFB2D32C-5618-4889-B681-12D713B82E20}.Debug-OEM|Mixed Platforms.ActiveCfg = Debug|x86
		{BFB2D32C-5618-4889-B681-12D713B82E20}.Debug-OEM|Mixed Platforms.Build.0 = Debug|x86
		{BFB2D32C-5618-4889-B681-12D713B82E20}.Debug-OEM|x86.ActiveCfg = Debug|x86
		{BFB2D32C-5618-4889-B681-12D713B82E20}.Debug-OEM|x86.Build.0 = Debug|x86
		{BFB2D32C-5618-4889-B681-12D713B82E20}.Release|Any CPU.ActiveCfg = Release|x86
		{BFB2D32C-5618-4889-B681-12D713B82E20}.Release|Mixed Platforms.ActiveCfg = Release|x86
		{BFB2D32C-5618-4889-B681-12D713B82E20}.Release|Mixed Platforms.Build.0 = Release|x86
		{BFB2D32C-5618-4889-B681-12D713B82E20}.Release|x86.ActiveCfg = Release|x86
		{BFB2D32C-5618-4889-B681-12D713B82E20}.Release|x86.Build.0 = Release|x86
		{BFB2D32C-5618-4889-B681-12D713B82E20}.ReleaseMono|Any CPU.ActiveCfg = Release|x86
		{BFB2D32C-5618-4889-B681-12D713B82E20}.ReleaseMono|Mixed Platforms.ActiveCfg = Release|x86
		{BFB2D32C-5618-4889-B681-12D713B82E20}.ReleaseMono|Mixed Platforms.Build.0 = Release|x86
		{BFB2D32C-5618-4889-B681-12D713B82E20}.ReleaseMono|x86.ActiveCfg = Release|x86
		{BFB2D32C-5618-4889-B681-12D713B82E20}.ReleaseMono|x86.Build.0 = Release|x86
		{83D8D7FB-B5B5-44C4-9682-07010AE15E4C}.Debug|Any CPU.ActiveCfg = Debug|x86
		{83D8D7FB-B5B5-44C4-9682-07010AE15E4C}.Debug|Mixed Platforms.ActiveCfg = Debug|x86
		{83D8D7FB-B5B5-44C4-9682-07010AE15E4C}.Debug|Mixed Platforms.Build.0 = Debug|x86
		{83D8D7FB-B5B5-44C4-9682-07010AE15E4C}.Debug|x86.ActiveCfg = Debug|x86
		{83D8D7FB-B5B5-44C4-9682-07010AE15E4C}.Debug|x86.Build.0 = Debug|x86
		{83D8D7FB-B5B5-44C4-9682-07010AE15E4C}.Debug-OEM|Any CPU.ActiveCfg = Debug|x86
		{83D8D7FB-B5B5-44C4-9682-07010AE15E4C}.Debug-OEM|Mixed Platforms.ActiveCfg = Debug|x86
		{83D8D7FB-B5B5-44C4-9682-07010AE15E4C}.Debug-OEM|Mixed Platforms.Build.0 = Debug|x86
		{83D8D7FB-B5B5-44C4-9682-07010AE15E4C}.Debug-OEM|x86.ActiveCfg = Debug|x86
		{83D8D7FB-B5B5-44C4-9682-07010AE15E4C}.Debug-OEM|x86.Build.0 = Debug|x86
		{83D8D7FB-B5B5-44C4-9682-07010AE15E4C}.Release|Any CPU.ActiveCfg = Release|x86
		{83D8D7FB-B5B5-44C4-9682-07010AE15E4C}.Release|Mixed Platforms.ActiveCfg = Release|x86
		{83D8D7FB-B5B5-44C4-9682-07010AE15E4C}.Release|Mixed Platforms.Build.0 = Release|x86
		{83D8D7FB-B5B5-44C4-9682-07010AE15E4C}.Release|x86.ActiveCfg = Release|x86
		{83D8D7FB-B5B5-44C4-9682-07010AE15E4C}.Release|x86.Build.0 = Release|x86
		{83D8D7FB-B5B5-44C4-9682-07010AE15E4C}.ReleaseMono|Any CPU.ActiveCfg = Release|x86
		{83D8D7FB-B5B5-44C4-9682-07010AE15E4C}.ReleaseMono|Mixed Platforms.ActiveCfg = Release|x86
		{83D8D7FB-B5B5-44C4-9682-07010AE15E4C}.ReleaseMono|Mixed Platforms.Build.0 = Release|x86
		{83D8D7FB-B5B5-44C4-9682-07010AE15E4C}.ReleaseMono|x86.ActiveCfg = Release|x86
		{83D8D7FB-B5B5-44C4-9682-07010AE15E4C}.ReleaseMono|x86.Build.0 = Release|x86
		{662DC5B7-32C0-4CF5-BA69-CB704AD5865D}.Debug|Any CPU.ActiveCfg = Debug|Any CPU
		{662DC5B7-32C0-4CF5-BA69-CB704AD5865D}.Debug|Any CPU.Build.0 = Debug|Any CPU
		{662DC5B7-32C0-4CF5-BA69-CB704AD5865D}.Debug|Mixed Platforms.ActiveCfg = Debug|Any CPU
		{662DC5B7-32C0-4CF5-BA69-CB704AD5865D}.Debug|Mixed Platforms.Build.0 = Debug|Any CPU
		{662DC5B7-32C0-4CF5-BA69-CB704AD5865D}.Debug|x86.ActiveCfg = Debug|Any CPU
		{662DC5B7-32C0-4CF5-BA69-CB704AD5865D}.Debug-OEM|Any CPU.ActiveCfg = Debug|Any CPU
		{662DC5B7-32C0-4CF5-BA69-CB704AD5865D}.Debug-OEM|Any CPU.Build.0 = Debug|Any CPU
		{662DC5B7-32C0-4CF5-BA69-CB704AD5865D}.Debug-OEM|Mixed Platforms.ActiveCfg = Debug|Any CPU
		{662DC5B7-32C0-4CF5-BA69-CB704AD5865D}.Debug-OEM|Mixed Platforms.Build.0 = Debug|Any CPU
		{662DC5B7-32C0-4CF5-BA69-CB704AD5865D}.Debug-OEM|x86.ActiveCfg = Debug|Any CPU
		{662DC5B7-32C0-4CF5-BA69-CB704AD5865D}.Release|Any CPU.ActiveCfg = Release|Any CPU
		{662DC5B7-32C0-4CF5-BA69-CB704AD5865D}.Release|Any CPU.Build.0 = Release|Any CPU
		{662DC5B7-32C0-4CF5-BA69-CB704AD5865D}.Release|Mixed Platforms.ActiveCfg = Release|Any CPU
		{662DC5B7-32C0-4CF5-BA69-CB704AD5865D}.Release|Mixed Platforms.Build.0 = Release|Any CPU
		{662DC5B7-32C0-4CF5-BA69-CB704AD5865D}.Release|x86.ActiveCfg = Release|Any CPU
		{662DC5B7-32C0-4CF5-BA69-CB704AD5865D}.ReleaseMono|Any CPU.ActiveCfg = Release|Any CPU
		{662DC5B7-32C0-4CF5-BA69-CB704AD5865D}.ReleaseMono|Any CPU.Build.0 = Release|Any CPU
		{662DC5B7-32C0-4CF5-BA69-CB704AD5865D}.ReleaseMono|Mixed Platforms.ActiveCfg = Release|Any CPU
		{662DC5B7-32C0-4CF5-BA69-CB704AD5865D}.ReleaseMono|Mixed Platforms.Build.0 = Release|Any CPU
		{662DC5B7-32C0-4CF5-BA69-CB704AD5865D}.ReleaseMono|x86.ActiveCfg = Release|Any CPU
		{0D69469A-0AF0-4238-BD69-F9ADE1298854}.Debug|Any CPU.ActiveCfg = Debug|Any CPU
		{0D69469A-0AF0-4238-BD69-F9ADE1298854}.Debug|Any CPU.Build.0 = Debug|Any CPU
		{0D69469A-0AF0-4238-BD69-F9ADE1298854}.Debug|Mixed Platforms.ActiveCfg = Debug|Any CPU
		{0D69469A-0AF0-4238-BD69-F9ADE1298854}.Debug|Mixed Platforms.Build.0 = Debug|Any CPU
		{0D69469A-0AF0-4238-BD69-F9ADE1298854}.Debug|x86.ActiveCfg = Debug|Any CPU
		{0D69469A-0AF0-4238-BD69-F9ADE1298854}.Debug-OEM|Any CPU.ActiveCfg = Debug|Any CPU
		{0D69469A-0AF0-4238-BD69-F9ADE1298854}.Debug-OEM|Any CPU.Build.0 = Debug|Any CPU
		{0D69469A-0AF0-4238-BD69-F9ADE1298854}.Debug-OEM|Mixed Platforms.ActiveCfg = Debug|Any CPU
		{0D69469A-0AF0-4238-BD69-F9ADE1298854}.Debug-OEM|Mixed Platforms.Build.0 = Debug|Any CPU
		{0D69469A-0AF0-4238-BD69-F9ADE1298854}.Debug-OEM|x86.ActiveCfg = Debug|Any CPU
		{0D69469A-0AF0-4238-BD69-F9ADE1298854}.Release|Any CPU.ActiveCfg = Release|Any CPU
		{0D69469A-0AF0-4238-BD69-F9ADE1298854}.Release|Any CPU.Build.0 = Release|Any CPU
		{0D69469A-0AF0-4238-BD69-F9ADE1298854}.Release|Mixed Platforms.ActiveCfg = Release|Any CPU
		{0D69469A-0AF0-4238-BD69-F9ADE1298854}.Release|Mixed Platforms.Build.0 = Release|Any CPU
		{0D69469A-0AF0-4238-BD69-F9ADE1298854}.Release|x86.ActiveCfg = Release|Any CPU
		{0D69469A-0AF0-4238-BD69-F9ADE1298854}.ReleaseMono|Any CPU.ActiveCfg = Release|Any CPU
		{0D69469A-0AF0-4238-BD69-F9ADE1298854}.ReleaseMono|Any CPU.Build.0 = Release|Any CPU
		{0D69469A-0AF0-4238-BD69-F9ADE1298854}.ReleaseMono|Mixed Platforms.ActiveCfg = Release|Any CPU
		{0D69469A-0AF0-4238-BD69-F9ADE1298854}.ReleaseMono|Mixed Platforms.Build.0 = Release|Any CPU
		{0D69469A-0AF0-4238-BD69-F9ADE1298854}.ReleaseMono|x86.ActiveCfg = Release|Any CPU
		{64E6EAA4-11EE-43E2-B72B-EB803AE1952C}.Debug|Any CPU.ActiveCfg = Debug|Any CPU
		{64E6EAA4-11EE-43E2-B72B-EB803AE1952C}.Debug|Any CPU.Build.0 = Debug|Any CPU
		{64E6EAA4-11EE-43E2-B72B-EB803AE1952C}.Debug|Mixed Platforms.ActiveCfg = Debug|Any CPU
		{64E6EAA4-11EE-43E2-B72B-EB803AE1952C}.Debug|Mixed Platforms.Build.0 = Debug|Any CPU
		{64E6EAA4-11EE-43E2-B72B-EB803AE1952C}.Debug|x86.ActiveCfg = Debug|Any CPU
		{64E6EAA4-11EE-43E2-B72B-EB803AE1952C}.Debug-OEM|Any CPU.ActiveCfg = Debug|Any CPU
		{64E6EAA4-11EE-43E2-B72B-EB803AE1952C}.Debug-OEM|Any CPU.Build.0 = Debug|Any CPU
		{64E6EAA4-11EE-43E2-B72B-EB803AE1952C}.Debug-OEM|Mixed Platforms.ActiveCfg = Debug|Any CPU
		{64E6EAA4-11EE-43E2-B72B-EB803AE1952C}.Debug-OEM|Mixed Platforms.Build.0 = Debug|Any CPU
		{64E6EAA4-11EE-43E2-B72B-EB803AE1952C}.Debug-OEM|x86.ActiveCfg = Debug|Any CPU
		{64E6EAA4-11EE-43E2-B72B-EB803AE1952C}.Release|Any CPU.ActiveCfg = Release|Any CPU
		{64E6EAA4-11EE-43E2-B72B-EB803AE1952C}.Release|Any CPU.Build.0 = Release|Any CPU
		{64E6EAA4-11EE-43E2-B72B-EB803AE1952C}.Release|Mixed Platforms.ActiveCfg = Release|Any CPU
		{64E6EAA4-11EE-43E2-B72B-EB803AE1952C}.Release|Mixed Platforms.Build.0 = Release|Any CPU
		{64E6EAA4-11EE-43E2-B72B-EB803AE1952C}.Release|x86.ActiveCfg = Release|Any CPU
		{64E6EAA4-11EE-43E2-B72B-EB803AE1952C}.ReleaseMono|Any CPU.ActiveCfg = Release|Any CPU
		{64E6EAA4-11EE-43E2-B72B-EB803AE1952C}.ReleaseMono|Any CPU.Build.0 = Release|Any CPU
		{64E6EAA4-11EE-43E2-B72B-EB803AE1952C}.ReleaseMono|Mixed Platforms.ActiveCfg = Release|Any CPU
		{64E6EAA4-11EE-43E2-B72B-EB803AE1952C}.ReleaseMono|Mixed Platforms.Build.0 = Release|Any CPU
		{64E6EAA4-11EE-43E2-B72B-EB803AE1952C}.ReleaseMono|x86.ActiveCfg = Release|Any CPU
		{F02819E0-B738-4531-9C6D-29DBAE3049F4}.Debug|Any CPU.ActiveCfg = Debug|Any CPU
		{F02819E0-B738-4531-9C6D-29DBAE3049F4}.Debug|Any CPU.Build.0 = Debug|Any CPU
		{F02819E0-B738-4531-9C6D-29DBAE3049F4}.Debug|Mixed Platforms.ActiveCfg = Debug|Any CPU
		{F02819E0-B738-4531-9C6D-29DBAE3049F4}.Debug|Mixed Platforms.Build.0 = Debug|Any CPU
		{F02819E0-B738-4531-9C6D-29DBAE3049F4}.Debug|x86.ActiveCfg = Debug|Any CPU
		{F02819E0-B738-4531-9C6D-29DBAE3049F4}.Debug-OEM|Any CPU.ActiveCfg = Debug|Any CPU
		{F02819E0-B738-4531-9C6D-29DBAE3049F4}.Debug-OEM|Any CPU.Build.0 = Debug|Any CPU
		{F02819E0-B738-4531-9C6D-29DBAE3049F4}.Debug-OEM|Mixed Platforms.ActiveCfg = Debug|Any CPU
		{F02819E0-B738-4531-9C6D-29DBAE3049F4}.Debug-OEM|Mixed Platforms.Build.0 = Debug|Any CPU
		{F02819E0-B738-4531-9C6D-29DBAE3049F4}.Debug-OEM|x86.ActiveCfg = Debug|Any CPU
		{F02819E0-B738-4531-9C6D-29DBAE3049F4}.Release|Any CPU.ActiveCfg = Release|Any CPU
		{F02819E0-B738-4531-9C6D-29DBAE3049F4}.Release|Any CPU.Build.0 = Release|Any CPU
		{F02819E0-B738-4531-9C6D-29DBAE3049F4}.Release|Mixed Platforms.ActiveCfg = Release|Any CPU
		{F02819E0-B738-4531-9C6D-29DBAE3049F4}.Release|Mixed Platforms.Build.0 = Release|Any CPU
		{F02819E0-B738-4531-9C6D-29DBAE3049F4}.Release|x86.ActiveCfg = Release|Any CPU
		{F02819E0-B738-4531-9C6D-29DBAE3049F4}.ReleaseMono|Any CPU.ActiveCfg = Release|Any CPU
		{F02819E0-B738-4531-9C6D-29DBAE3049F4}.ReleaseMono|Any CPU.Build.0 = Release|Any CPU
		{F02819E0-B738-4531-9C6D-29DBAE3049F4}.ReleaseMono|Mixed Platforms.ActiveCfg = Release|Any CPU
		{F02819E0-B738-4531-9C6D-29DBAE3049F4}.ReleaseMono|Mixed Platforms.Build.0 = Release|Any CPU
		{F02819E0-B738-4531-9C6D-29DBAE3049F4}.ReleaseMono|x86.ActiveCfg = Release|Any CPU
		{CAFF302A-2E14-45AA-B6B6-C0FF5A18CB7F}.Debug|Any CPU.ActiveCfg = Debug|Any CPU
		{CAFF302A-2E14-45AA-B6B6-C0FF5A18CB7F}.Debug|Any CPU.Build.0 = Debug|Any CPU
		{CAFF302A-2E14-45AA-B6B6-C0FF5A18CB7F}.Debug|Mixed Platforms.ActiveCfg = Debug|Any CPU
		{CAFF302A-2E14-45AA-B6B6-C0FF5A18CB7F}.Debug|Mixed Platforms.Build.0 = Debug|Any CPU
		{CAFF302A-2E14-45AA-B6B6-C0FF5A18CB7F}.Debug|x86.ActiveCfg = Debug|Any CPU
		{CAFF302A-2E14-45AA-B6B6-C0FF5A18CB7F}.Debug-OEM|Any CPU.ActiveCfg = Debug|Any CPU
		{CAFF302A-2E14-45AA-B6B6-C0FF5A18CB7F}.Debug-OEM|Any CPU.Build.0 = Debug|Any CPU
		{CAFF302A-2E14-45AA-B6B6-C0FF5A18CB7F}.Debug-OEM|Mixed Platforms.ActiveCfg = Debug|Any CPU
		{CAFF302A-2E14-45AA-B6B6-C0FF5A18CB7F}.Debug-OEM|Mixed Platforms.Build.0 = Debug|Any CPU
		{CAFF302A-2E14-45AA-B6B6-C0FF5A18CB7F}.Debug-OEM|x86.ActiveCfg = Debug|Any CPU
		{CAFF302A-2E14-45AA-B6B6-C0FF5A18CB7F}.Release|Any CPU.ActiveCfg = Release|Any CPU
		{CAFF302A-2E14-45AA-B6B6-C0FF5A18CB7F}.Release|Any CPU.Build.0 = Release|Any CPU
		{CAFF302A-2E14-45AA-B6B6-C0FF5A18CB7F}.Release|Mixed Platforms.ActiveCfg = Release|Any CPU
		{CAFF302A-2E14-45AA-B6B6-C0FF5A18CB7F}.Release|Mixed Platforms.Build.0 = Release|Any CPU
		{CAFF302A-2E14-45AA-B6B6-C0FF5A18CB7F}.Release|x86.ActiveCfg = Release|Any CPU
		{CAFF302A-2E14-45AA-B6B6-C0FF5A18CB7F}.ReleaseMono|Any CPU.ActiveCfg = Release|Any CPU
		{CAFF302A-2E14-45AA-B6B6-C0FF5A18CB7F}.ReleaseMono|Any CPU.Build.0 = Release|Any CPU
		{CAFF302A-2E14-45AA-B6B6-C0FF5A18CB7F}.ReleaseMono|Mixed Platforms.ActiveCfg = Release|Any CPU
		{CAFF302A-2E14-45AA-B6B6-C0FF5A18CB7F}.ReleaseMono|Mixed Platforms.Build.0 = Release|Any CPU
		{CAFF302A-2E14-45AA-B6B6-C0FF5A18CB7F}.ReleaseMono|x86.ActiveCfg = Release|Any CPU
		{9B9FCB99-7304-4495-A18E-5D24764A8456}.Debug|Any CPU.ActiveCfg = Debug|Any CPU
		{9B9FCB99-7304-4495-A18E-5D24764A8456}.Debug|Any CPU.Build.0 = Debug|Any CPU
		{9B9FCB99-7304-4495-A18E-5D24764A8456}.Debug|Mixed Platforms.ActiveCfg = Debug|Any CPU
		{9B9FCB99-7304-4495-A18E-5D24764A8456}.Debug|Mixed Platforms.Build.0 = Debug|Any CPU
		{9B9FCB99-7304-4495-A18E-5D24764A8456}.Debug|x86.ActiveCfg = Debug|Any CPU
		{9B9FCB99-7304-4495-A18E-5D24764A8456}.Debug-OEM|Any CPU.ActiveCfg = Debug|Any CPU
		{9B9FCB99-7304-4495-A18E-5D24764A8456}.Debug-OEM|Any CPU.Build.0 = Debug|Any CPU
		{9B9FCB99-7304-4495-A18E-5D24764A8456}.Debug-OEM|Mixed Platforms.ActiveCfg = Debug|Any CPU
		{9B9FCB99-7304-4495-A18E-5D24764A8456}.Debug-OEM|Mixed Platforms.Build.0 = Debug|Any CPU
		{9B9FCB99-7304-4495-A18E-5D24764A8456}.Debug-OEM|x86.ActiveCfg = Debug|Any CPU
		{9B9FCB99-7304-4495-A18E-5D24764A8456}.Release|Any CPU.ActiveCfg = Release|Any CPU
		{9B9FCB99-7304-4495-A18E-5D24764A8456}.Release|Any CPU.Build.0 = Release|Any CPU
		{9B9FCB99-7304-4495-A18E-5D24764A8456}.Release|Mixed Platforms.ActiveCfg = Release|Any CPU
		{9B9FCB99-7304-4495-A18E-5D24764A8456}.Release|Mixed Platforms.Build.0 = Release|Any CPU
		{9B9FCB99-7304-4495-A18E-5D24764A8456}.Release|x86.ActiveCfg = Release|Any CPU
		{9B9FCB99-7304-4495-A18E-5D24764A8456}.ReleaseMono|Any CPU.ActiveCfg = Release|Any CPU
		{9B9FCB99-7304-4495-A18E-5D24764A8456}.ReleaseMono|Any CPU.Build.0 = Release|Any CPU
		{9B9FCB99-7304-4495-A18E-5D24764A8456}.ReleaseMono|Mixed Platforms.ActiveCfg = Release|Any CPU
		{9B9FCB99-7304-4495-A18E-5D24764A8456}.ReleaseMono|Mixed Platforms.Build.0 = Release|Any CPU
		{9B9FCB99-7304-4495-A18E-5D24764A8456}.ReleaseMono|x86.ActiveCfg = Release|Any CPU
		{F480745A-4808-4282-8339-AF2AA06FBEC9}.Debug|Any CPU.ActiveCfg = Debug|Any CPU
		{F480745A-4808-4282-8339-AF2AA06FBEC9}.Debug|Any CPU.Build.0 = Debug|Any CPU
		{F480745A-4808-4282-8339-AF2AA06FBEC9}.Debug|Mixed Platforms.ActiveCfg = Debug|Any CPU
		{F480745A-4808-4282-8339-AF2AA06FBEC9}.Debug|Mixed Platforms.Build.0 = Debug|Any CPU
		{F480745A-4808-4282-8339-AF2AA06FBEC9}.Debug|x86.ActiveCfg = Debug|Any CPU
		{F480745A-4808-4282-8339-AF2AA06FBEC9}.Debug-OEM|Any CPU.ActiveCfg = Debug|Any CPU
		{F480745A-4808-4282-8339-AF2AA06FBEC9}.Debug-OEM|Any CPU.Build.0 = Debug|Any CPU
		{F480745A-4808-4282-8339-AF2AA06FBEC9}.Debug-OEM|Mixed Platforms.ActiveCfg = Debug|Any CPU
		{F480745A-4808-4282-8339-AF2AA06FBEC9}.Debug-OEM|Mixed Platforms.Build.0 = Debug|Any CPU
		{F480745A-4808-4282-8339-AF2AA06FBEC9}.Debug-OEM|x86.ActiveCfg = Debug|Any CPU
		{F480745A-4808-4282-8339-AF2AA06FBEC9}.Release|Any CPU.ActiveCfg = Release|Any CPU
		{F480745A-4808-4282-8339-AF2AA06FBEC9}.Release|Any CPU.Build.0 = Release|Any CPU
		{F480745A-4808-4282-8339-AF2AA06FBEC9}.Release|Mixed Platforms.ActiveCfg = Release|Any CPU
		{F480745A-4808-4282-8339-AF2AA06FBEC9}.Release|Mixed Platforms.Build.0 = Release|Any CPU
		{F480745A-4808-4282-8339-AF2AA06FBEC9}.Release|x86.ActiveCfg = Release|Any CPU
		{F480745A-4808-4282-8339-AF2AA06FBEC9}.ReleaseMono|Any CPU.ActiveCfg = Release|Any CPU
		{F480745A-4808-4282-8339-AF2AA06FBEC9}.ReleaseMono|Any CPU.Build.0 = Release|Any CPU
		{F480745A-4808-4282-8339-AF2AA06FBEC9}.ReleaseMono|Mixed Platforms.ActiveCfg = Release|Any CPU
		{F480745A-4808-4282-8339-AF2AA06FBEC9}.ReleaseMono|Mixed Platforms.Build.0 = Release|Any CPU
		{F480745A-4808-4282-8339-AF2AA06FBEC9}.ReleaseMono|x86.ActiveCfg = Release|Any CPU
		{67979A46-0F1A-4E65-8777-6E9EB512E960}.Debug|Any CPU.ActiveCfg = Debug|Any CPU
		{67979A46-0F1A-4E65-8777-6E9EB512E960}.Debug|Any CPU.Build.0 = Debug|Any CPU
		{67979A46-0F1A-4E65-8777-6E9EB512E960}.Debug|Mixed Platforms.ActiveCfg = Debug|Any CPU
		{67979A46-0F1A-4E65-8777-6E9EB512E960}.Debug|Mixed Platforms.Build.0 = Debug|Any CPU
		{67979A46-0F1A-4E65-8777-6E9EB512E960}.Debug|x86.ActiveCfg = Debug|Any CPU
		{67979A46-0F1A-4E65-8777-6E9EB512E960}.Debug-OEM|Any CPU.ActiveCfg = Debug|Any CPU
		{67979A46-0F1A-4E65-8777-6E9EB512E960}.Debug-OEM|Any CPU.Build.0 = Debug|Any CPU
		{67979A46-0F1A-4E65-8777-6E9EB512E960}.Debug-OEM|Mixed Platforms.ActiveCfg = Debug|Any CPU
		{67979A46-0F1A-4E65-8777-6E9EB512E960}.Debug-OEM|Mixed Platforms.Build.0 = Debug|Any CPU
		{67979A46-0F1A-4E65-8777-6E9EB512E960}.Debug-OEM|x86.ActiveCfg = Debug|Any CPU
		{67979A46-0F1A-4E65-8777-6E9EB512E960}.Release|Any CPU.ActiveCfg = Release|Any CPU
		{67979A46-0F1A-4E65-8777-6E9EB512E960}.Release|Any CPU.Build.0 = Release|Any CPU
		{67979A46-0F1A-4E65-8777-6E9EB512E960}.Release|Mixed Platforms.ActiveCfg = Release|Any CPU
		{67979A46-0F1A-4E65-8777-6E9EB512E960}.Release|Mixed Platforms.Build.0 = Release|Any CPU
		{67979A46-0F1A-4E65-8777-6E9EB512E960}.Release|x86.ActiveCfg = Release|Any CPU
		{67979A46-0F1A-4E65-8777-6E9EB512E960}.ReleaseMono|Any CPU.ActiveCfg = Release|Any CPU
		{67979A46-0F1A-4E65-8777-6E9EB512E960}.ReleaseMono|Any CPU.Build.0 = Release|Any CPU
		{67979A46-0F1A-4E65-8777-6E9EB512E960}.ReleaseMono|Mixed Platforms.ActiveCfg = Release|Any CPU
		{67979A46-0F1A-4E65-8777-6E9EB512E960}.ReleaseMono|Mixed Platforms.Build.0 = Release|Any CPU
		{67979A46-0F1A-4E65-8777-6E9EB512E960}.ReleaseMono|x86.ActiveCfg = Release|Any CPU
	EndGlobalSection
	GlobalSection(SolutionProperties) = preSolution
		HideSolutionNode = FALSE
	EndGlobalSection
	GlobalSection(NestedProjects) = preSolution
		{F480745A-4808-4282-8339-AF2AA06FBEC9} = {DD1367CE-1675-44A7-9D42-BFD032CA7397}
		{67979A46-0F1A-4E65-8777-6E9EB512E960} = {DD1367CE-1675-44A7-9D42-BFD032CA7397}
		{BFB2D32C-5618-4889-B681-12D713B82E20} = {21EDFF5D-CE73-460F-8E0A-D83FF9240415}
		{83D8D7FB-B5B5-44C4-9682-07010AE15E4C} = {4BA79AEF-45E2-4B7C-A800-614FDFDA9AF7}
		{6C7C11CF-379F-420F-9E88-5D111A5DD47A} = {4BA79AEF-45E2-4B7C-A800-614FDFDA9AF7}
		{0D69469A-0AF0-4238-BD69-F9ADE1298854} = {4BA79AEF-45E2-4B7C-A800-614FDFDA9AF7}
		{68B53062-A70D-43FE-886C-F7079F18D4D3} = {4BA79AEF-45E2-4B7C-A800-614FDFDA9AF7}
		{CAFF302A-2E14-45AA-B6B6-C0FF5A18CB7F} = {4BA79AEF-45E2-4B7C-A800-614FDFDA9AF7}
		{9B9FCB99-7304-4495-A18E-5D24764A8456} = {6C7C11CF-379F-420F-9E88-5D111A5DD47A}
		{64E6EAA4-11EE-43E2-B72B-EB803AE1952C} = {68B53062-A70D-43FE-886C-F7079F18D4D3}
		{662DC5B7-32C0-4CF5-BA69-CB704AD5865D} = {2B9078B8-E058-4776-8A13-E802F803959E}
		{F02819E0-B738-4531-9C6D-29DBAE3049F4} = {2B9078B8-E058-4776-8A13-E802F803959E}
		{4F336ECB-8144-41BA-8B82-258AC7FC4A60} = {2B9078B8-E058-4776-8A13-E802F803959E}
		{4EFE4D39-1036-473D-B228-18FEAA882F41} = {2B9078B8-E058-4776-8A13-E802F803959E}
	EndGlobalSection
EndGlobal
